// !$*UTF8*$!
{
	archiveVersion = 1;
	classes = {
	};
	objectVersion = 55;
	objects = {

/* Begin PBXBuildFile section */
		73104D5327BA8C79004D4D6F /* Recipes.swift in Sources */ = {isa = PBXBuildFile; fileRef = 73104D5227BA8C79004D4D6F /* Recipes.swift */; };
		73104D5527BA9521004D4D6F /* DetailRecipeIC.swift in Sources */ = {isa = PBXBuildFile; fileRef = 73104D5427BA9521004D4D6F /* DetailRecipeIC.swift */; };
		73104D5727BA9C8E004D4D6F /* RecipeDescriptionIC.swift in Sources */ = {isa = PBXBuildFile; fileRef = 73104D5627BA9C8E004D4D6F /* RecipeDescriptionIC.swift */; };
		7391F1D227BA7AC700594E41 /* CookBook WatchKit App.app in Embed Watch Content */ = {isa = PBXBuildFile; fileRef = 7391F1D127BA7AC700594E41 /* CookBook WatchKit App.app */; settings = {ATTRIBUTES = (RemoveHeadersOnCopy, ); }; };
		7391F1D827BA7AC700594E41 /* Interface.storyboard in Resources */ = {isa = PBXBuildFile; fileRef = 7391F1D627BA7AC700594E41 /* Interface.storyboard */; };
		7391F1DA27BA7AC900594E41 /* Assets.xcassets in Resources */ = {isa = PBXBuildFile; fileRef = 7391F1D927BA7AC900594E41 /* Assets.xcassets */; };
		7391F1E027BA7AC900594E41 /* CookBook WatchKit Extension.appex in Embed App Extensions */ = {isa = PBXBuildFile; fileRef = 7391F1DF27BA7AC900594E41 /* CookBook WatchKit Extension.appex */; settings = {ATTRIBUTES = (RemoveHeadersOnCopy, ); }; };
		7391F1E527BA7AC900594E41 /* TableRecipesIC.swift in Sources */ = {isa = PBXBuildFile; fileRef = 7391F1E427BA7AC900594E41 /* TableRecipesIC.swift */; };
		7391F1E727BA7AC900594E41 /* ExtensionDelegate.swift in Sources */ = {isa = PBXBuildFile; fileRef = 7391F1E627BA7AC900594E41 /* ExtensionDelegate.swift */; };
		7391F1E927BA7AC900594E41 /* NotificationController.swift in Sources */ = {isa = PBXBuildFile; fileRef = 7391F1E827BA7AC900594E41 /* NotificationController.swift */; };
		7391F1EB27BA7AC900594E41 /* ComplicationController.swift in Sources */ = {isa = PBXBuildFile; fileRef = 7391F1EA27BA7AC900594E41 /* ComplicationController.swift */; };
		7391F1ED27BA7ACA00594E41 /* Assets.xcassets in Resources */ = {isa = PBXBuildFile; fileRef = 7391F1EC27BA7ACA00594E41 /* Assets.xcassets */; };
/* End PBXBuildFile section */

/* Begin PBXContainerItemProxy section */
		7391F1D327BA7AC700594E41 /* PBXContainerItemProxy */ = {
			isa = PBXContainerItemProxy;
			containerPortal = 7391F1C727BA7AC700594E41 /* Project object */;
			proxyType = 1;
			remoteGlobalIDString = 7391F1D027BA7AC700594E41;
			remoteInfo = "CookBook WatchKit App";
		};
		7391F1E127BA7AC900594E41 /* PBXContainerItemProxy */ = {
			isa = PBXContainerItemProxy;
			containerPortal = 7391F1C727BA7AC700594E41 /* Project object */;
			proxyType = 1;
			remoteGlobalIDString = 7391F1DE27BA7AC900594E41;
			remoteInfo = "CookBook WatchKit Extension";
		};
/* End PBXContainerItemProxy section */

/* Begin PBXCopyFilesBuildPhase section */
		7391F1F527BA7ACA00594E41 /* Embed App Extensions */ = {
			isa = PBXCopyFilesBuildPhase;
			buildActionMask = 2147483647;
			dstPath = "";
			dstSubfolderSpec = 13;
			files = (
				7391F1E027BA7AC900594E41 /* CookBook WatchKit Extension.appex in Embed App Extensions */,
			);
			name = "Embed App Extensions";
			runOnlyForDeploymentPostprocessing = 0;
		};
		7391F1F927BA7ACA00594E41 /* Embed Watch Content */ = {
			isa = PBXCopyFilesBuildPhase;
			buildActionMask = 2147483647;
			dstPath = "$(CONTENTS_FOLDER_PATH)/Watch";
			dstSubfolderSpec = 16;
			files = (
				7391F1D227BA7AC700594E41 /* CookBook WatchKit App.app in Embed Watch Content */,
			);
			name = "Embed Watch Content";
			runOnlyForDeploymentPostprocessing = 0;
		};
/* End PBXCopyFilesBuildPhase section */

/* Begin PBXFileReference section */
		73104D5227BA8C79004D4D6F /* Recipes.swift */ = {isa = PBXFileReference; lastKnownFileType = sourcecode.swift; name = Recipes.swift; path = "CookBook WatchKit App/Recipes.swift"; sourceTree = SOURCE_ROOT; };
		73104D5427BA9521004D4D6F /* DetailRecipeIC.swift */ = {isa = PBXFileReference; lastKnownFileType = sourcecode.swift; path = DetailRecipeIC.swift; sourceTree = "<group>"; };
		73104D5627BA9C8E004D4D6F /* RecipeDescriptionIC.swift */ = {isa = PBXFileReference; lastKnownFileType = sourcecode.swift; path = RecipeDescriptionIC.swift; sourceTree = "<group>"; };
		7391F1CD27BA7AC700594E41 /* CookBook.app */ = {isa = PBXFileReference; explicitFileType = wrapper.application; includeInIndex = 0; path = CookBook.app; sourceTree = BUILT_PRODUCTS_DIR; };
		7391F1D127BA7AC700594E41 /* CookBook WatchKit App.app */ = {isa = PBXFileReference; explicitFileType = wrapper.application; includeInIndex = 0; path = "CookBook WatchKit App.app"; sourceTree = BUILT_PRODUCTS_DIR; };
		7391F1D727BA7AC700594E41 /* Base */ = {isa = PBXFileReference; lastKnownFileType = file.storyboard; name = Base; path = Base.lproj/Interface.storyboard; sourceTree = "<group>"; };
		7391F1D927BA7AC900594E41 /* Assets.xcassets */ = {isa = PBXFileReference; lastKnownFileType = folder.assetcatalog; path = Assets.xcassets; sourceTree = "<group>"; };
		7391F1DF27BA7AC900594E41 /* CookBook WatchKit Extension.appex */ = {isa = PBXFileReference; explicitFileType = "wrapper.app-extension"; includeInIndex = 0; path = "CookBook WatchKit Extension.appex"; sourceTree = BUILT_PRODUCTS_DIR; };
		7391F1E427BA7AC900594E41 /* TableRecipesIC.swift */ = {isa = PBXFileReference; lastKnownFileType = sourcecode.swift; path = TableRecipesIC.swift; sourceTree = "<group>"; };
		7391F1E627BA7AC900594E41 /* ExtensionDelegate.swift */ = {isa = PBXFileReference; lastKnownFileType = sourcecode.swift; path = ExtensionDelegate.swift; sourceTree = "<group>"; };
		7391F1E827BA7AC900594E41 /* NotificationController.swift */ = {isa = PBXFileReference; lastKnownFileType = sourcecode.swift; path = NotificationController.swift; sourceTree = "<group>"; };
		7391F1EA27BA7AC900594E41 /* ComplicationController.swift */ = {isa = PBXFileReference; lastKnownFileType = sourcecode.swift; path = ComplicationController.swift; sourceTree = "<group>"; };
		7391F1EC27BA7ACA00594E41 /* Assets.xcassets */ = {isa = PBXFileReference; lastKnownFileType = folder.assetcatalog; path = Assets.xcassets; sourceTree = "<group>"; };
		7391F1EE27BA7ACA00594E41 /* Info.plist */ = {isa = PBXFileReference; lastKnownFileType = text.plist.xml; path = Info.plist; sourceTree = "<group>"; };
		7391F1EF27BA7ACA00594E41 /* PushNotificationPayload.apns */ = {isa = PBXFileReference; lastKnownFileType = text; path = PushNotificationPayload.apns; sourceTree = "<group>"; };
		7391F1FF27BA86B000594E41 /* Base */ = {isa = PBXFileReference; lastKnownFileType = sourcecode.swift; name = Base; path = Base.lproj/RowTable.swift; sourceTree = "<group>"; };
/* End PBXFileReference section */

/* Begin PBXFrameworksBuildPhase section */
		7391F1DC27BA7AC900594E41 /* Frameworks */ = {
			isa = PBXFrameworksBuildPhase;
			buildActionMask = 2147483647;
			files = (
			);
			runOnlyForDeploymentPostprocessing = 0;
		};
/* End PBXFrameworksBuildPhase section */

/* Begin PBXGroup section */
		7391F1C627BA7AC700594E41 = {
			isa = PBXGroup;
			children = (
				7391F1D527BA7AC700594E41 /* CookBook WatchKit App */,
				7391F1E327BA7AC900594E41 /* CookBook WatchKit Extension */,
				7391F1CE27BA7AC700594E41 /* Products */,
			);
			sourceTree = "<group>";
		};
		7391F1CE27BA7AC700594E41 /* Products */ = {
			isa = PBXGroup;
			children = (
				7391F1CD27BA7AC700594E41 /* CookBook.app */,
				7391F1D127BA7AC700594E41 /* CookBook WatchKit App.app */,
				7391F1DF27BA7AC900594E41 /* CookBook WatchKit Extension.appex */,
			);
			name = Products;
			sourceTree = "<group>";
		};
		7391F1D527BA7AC700594E41 /* CookBook WatchKit App */ = {
			isa = PBXGroup;
			children = (
				7391F1D627BA7AC700594E41 /* Interface.storyboard */,
				73104D5627BA9C8E004D4D6F /* RecipeDescriptionIC.swift */,
				73104D5427BA9521004D4D6F /* DetailRecipeIC.swift */,
				7391F1D927BA7AC900594E41 /* Assets.xcassets */,
			);
			path = "CookBook WatchKit App";
			sourceTree = "<group>";
		};
		7391F1E327BA7AC900594E41 /* CookBook WatchKit Extension */ = {
			isa = PBXGroup;
			children = (
				73104D5227BA8C79004D4D6F /* Recipes.swift */,
				7391F1E427BA7AC900594E41 /* TableRecipesIC.swift */,
				7391F1FE27BA86B000594E41 /* RowTable.swift */,
				7391F1E627BA7AC900594E41 /* ExtensionDelegate.swift */,
				7391F1E827BA7AC900594E41 /* NotificationController.swift */,
				7391F1EA27BA7AC900594E41 /* ComplicationController.swift */,
				7391F1EC27BA7ACA00594E41 /* Assets.xcassets */,
				7391F1EE27BA7ACA00594E41 /* Info.plist */,
				7391F1EF27BA7ACA00594E41 /* PushNotificationPayload.apns */,
			);
			path = "CookBook WatchKit Extension";
			sourceTree = "<group>";
		};
/* End PBXGroup section */

/* Begin PBXNativeTarget section */
		7391F1CC27BA7AC700594E41 /* CookBook */ = {
			isa = PBXNativeTarget;
			buildConfigurationList = 7391F1FA27BA7ACA00594E41 /* Build configuration list for PBXNativeTarget "CookBook" */;
			buildPhases = (
				7391F1CB27BA7AC700594E41 /* Resources */,
				7391F1F927BA7ACA00594E41 /* Embed Watch Content */,
			);
			buildRules = (
			);
			dependencies = (
				7391F1D427BA7AC700594E41 /* PBXTargetDependency */,
			);
			name = CookBook;
			productName = CookBook;
			productReference = 7391F1CD27BA7AC700594E41 /* CookBook.app */;
			productType = "com.apple.product-type.application.watchapp2-container";
		};
		7391F1D027BA7AC700594E41 /* CookBook WatchKit App */ = {
			isa = PBXNativeTarget;
			buildConfigurationList = 7391F1F627BA7ACA00594E41 /* Build configuration list for PBXNativeTarget "CookBook WatchKit App" */;
			buildPhases = (
				7391F1CF27BA7AC700594E41 /* Resources */,
				7391F1F527BA7ACA00594E41 /* Embed App Extensions */,
			);
			buildRules = (
			);
			dependencies = (
				7391F1E227BA7AC900594E41 /* PBXTargetDependency */,
			);
			name = "CookBook WatchKit App";
			productName = "CookBook WatchKit App";
			productReference = 7391F1D127BA7AC700594E41 /* CookBook WatchKit App.app */;
			productType = "com.apple.product-type.application.watchapp2";
		};
		7391F1DE27BA7AC900594E41 /* CookBook WatchKit Extension */ = {
			isa = PBXNativeTarget;
			buildConfigurationList = 7391F1F227BA7ACA00594E41 /* Build configuration list for PBXNativeTarget "CookBook WatchKit Extension" */;
			buildPhases = (
				7391F1DB27BA7AC900594E41 /* Sources */,
				7391F1DC27BA7AC900594E41 /* Frameworks */,
				7391F1DD27BA7AC900594E41 /* Resources */,
			);
			buildRules = (
			);
			dependencies = (
			);
			name = "CookBook WatchKit Extension";
			productName = "CookBook WatchKit Extension";
			productReference = 7391F1DF27BA7AC900594E41 /* CookBook WatchKit Extension.appex */;
			productType = "com.apple.product-type.watchkit2-extension";
		};
/* End PBXNativeTarget section */

/* Begin PBXProject section */
		7391F1C727BA7AC700594E41 /* Project object */ = {
			isa = PBXProject;
			attributes = {
				BuildIndependentTargetsInParallel = 1;
				LastSwiftUpdateCheck = 1320;
				LastUpgradeCheck = 1320;
				TargetAttributes = {
					7391F1CC27BA7AC700594E41 = {
						CreatedOnToolsVersion = 13.2.1;
					};
					7391F1D027BA7AC700594E41 = {
						CreatedOnToolsVersion = 13.2.1;
					};
					7391F1DE27BA7AC900594E41 = {
						CreatedOnToolsVersion = 13.2.1;
					};
				};
			};
			buildConfigurationList = 7391F1CA27BA7AC700594E41 /* Build configuration list for PBXProject "CookBook" */;
			compatibilityVersion = "Xcode 13.0";
			developmentRegion = en;
			hasScannedForEncodings = 0;
			knownRegions = (
				en,
				Base,
			);
			mainGroup = 7391F1C627BA7AC700594E41;
			productRefGroup = 7391F1CE27BA7AC700594E41 /* Products */;
			projectDirPath = "";
			projectRoot = "";
			targets = (
				7391F1CC27BA7AC700594E41 /* CookBook */,
				7391F1D027BA7AC700594E41 /* CookBook WatchKit App */,
				7391F1DE27BA7AC900594E41 /* CookBook WatchKit Extension */,
			);
		};
/* End PBXProject section */

/* Begin PBXResourcesBuildPhase section */
		7391F1CB27BA7AC700594E41 /* Resources */ = {
			isa = PBXResourcesBuildPhase;
			buildActionMask = 2147483647;
			files = (
			);
			runOnlyForDeploymentPostprocessing = 0;
		};
		7391F1CF27BA7AC700594E41 /* Resources */ = {
			isa = PBXResourcesBuildPhase;
			buildActionMask = 2147483647;
			files = (
				7391F1DA27BA7AC900594E41 /* Assets.xcassets in Resources */,
				7391F1D827BA7AC700594E41 /* Interface.storyboard in Resources */,
			);
			runOnlyForDeploymentPostprocessing = 0;
		};
		7391F1DD27BA7AC900594E41 /* Resources */ = {
			isa = PBXResourcesBuildPhase;
			buildActionMask = 2147483647;
			files = (
				7391F1ED27BA7ACA00594E41 /* Assets.xcassets in Resources */,
			);
			runOnlyForDeploymentPostprocessing = 0;
		};
/* End PBXResourcesBuildPhase section */

/* Begin PBXSourcesBuildPhase section */
		7391F1DB27BA7AC900594E41 /* Sources */ = {
			isa = PBXSourcesBuildPhase;
			buildActionMask = 2147483647;
			files = (
				73104D5527BA9521004D4D6F /* DetailRecipeIC.swift in Sources */,
				73104D5327BA8C79004D4D6F /* Recipes.swift in Sources */,
				73104D5727BA9C8E004D4D6F /* RecipeDescriptionIC.swift in Sources */,
				7391F1E927BA7AC900594E41 /* NotificationController.swift in Sources */,
				7391F1EB27BA7AC900594E41 /* ComplicationController.swift in Sources */,
				7391F1E727BA7AC900594E41 /* ExtensionDelegate.swift in Sources */,
				7391F1E527BA7AC900594E41 /* TableRecipesIC.swift in Sources */,
			);
			runOnlyForDeploymentPostprocessing = 0;
		};
/* End PBXSourcesBuildPhase section */

/* Begin PBXTargetDependency section */
		7391F1D427BA7AC700594E41 /* PBXTargetDependency */ = {
			isa = PBXTargetDependency;
			target = 7391F1D027BA7AC700594E41 /* CookBook WatchKit App */;
			targetProxy = 7391F1D327BA7AC700594E41 /* PBXContainerItemProxy */;
		};
		7391F1E227BA7AC900594E41 /* PBXTargetDependency */ = {
			isa = PBXTargetDependency;
			target = 7391F1DE27BA7AC900594E41 /* CookBook WatchKit Extension */;
			targetProxy = 7391F1E127BA7AC900594E41 /* PBXContainerItemProxy */;
		};
/* End PBXTargetDependency section */

/* Begin PBXVariantGroup section */
		7391F1D627BA7AC700594E41 /* Interface.storyboard */ = {
			isa = PBXVariantGroup;
			children = (
				7391F1D727BA7AC700594E41 /* Base */,
			);
			name = Interface.storyboard;
			sourceTree = "<group>";
		};
		7391F1FE27BA86B000594E41 /* RowTable.swift */ = {
			isa = PBXVariantGroup;
			children = (
				7391F1FF27BA86B000594E41 /* Base */,
			);
			name = RowTable.swift;
			sourceTree = "<group>";
		};
/* End PBXVariantGroup section */

/* Begin XCBuildConfiguration section */
		7391F1F027BA7ACA00594E41 /* Debug */ = {
			isa = XCBuildConfiguration;
			buildSettings = {
				ALWAYS_SEARCH_USER_PATHS = NO;
				CLANG_ANALYZER_NONNULL = YES;
				CLANG_ANALYZER_NUMBER_OBJECT_CONVERSION = YES_AGGRESSIVE;
				CLANG_CXX_LANGUAGE_STANDARD = "gnu++17";
				CLANG_CXX_LIBRARY = "libc++";
				CLANG_ENABLE_MODULES = YES;
				CLANG_ENABLE_OBJC_ARC = YES;
				CLANG_ENABLE_OBJC_WEAK = YES;
				CLANG_WARN_BLOCK_CAPTURE_AUTORELEASING = YES;
				CLANG_WARN_BOOL_CONVERSION = YES;
				CLANG_WARN_COMMA = YES;
				CLANG_WARN_CONSTANT_CONVERSION = YES;
				CLANG_WARN_DEPRECATED_OBJC_IMPLEMENTATIONS = YES;
				CLANG_WARN_DIRECT_OBJC_ISA_USAGE = YES_ERROR;
				CLANG_WARN_DOCUMENTATION_COMMENTS = YES;
				CLANG_WARN_EMPTY_BODY = YES;
				CLANG_WARN_ENUM_CONVERSION = YES;
				CLANG_WARN_INFINITE_RECURSION = YES;
				CLANG_WARN_INT_CONVERSION = YES;
				CLANG_WARN_NON_LITERAL_NULL_CONVERSION = YES;
				CLANG_WARN_OBJC_IMPLICIT_RETAIN_SELF = YES;
				CLANG_WARN_OBJC_LITERAL_CONVERSION = YES;
				CLANG_WARN_OBJC_ROOT_CLASS = YES_ERROR;
				CLANG_WARN_QUOTED_INCLUDE_IN_FRAMEWORK_HEADER = YES;
				CLANG_WARN_RANGE_LOOP_ANALYSIS = YES;
				CLANG_WARN_STRICT_PROTOTYPES = YES;
				CLANG_WARN_SUSPICIOUS_MOVE = YES;
				CLANG_WARN_UNGUARDED_AVAILABILITY = YES_AGGRESSIVE;
				CLANG_WARN_UNREACHABLE_CODE = YES;
				CLANG_WARN__DUPLICATE_METHOD_MATCH = YES;
				COPY_PHASE_STRIP = NO;
				DEBUG_INFORMATION_FORMAT = dwarf;
				ENABLE_STRICT_OBJC_MSGSEND = YES;
				ENABLE_TESTABILITY = YES;
				GCC_C_LANGUAGE_STANDARD = gnu11;
				GCC_DYNAMIC_NO_PIC = NO;
				GCC_NO_COMMON_BLOCKS = YES;
				GCC_OPTIMIZATION_LEVEL = 0;
				GCC_PREPROCESSOR_DEFINITIONS = (
					"DEBUG=1",
					"$(inherited)",
				);
				GCC_WARN_64_TO_32_BIT_CONVERSION = YES;
				GCC_WARN_ABOUT_RETURN_TYPE = YES_ERROR;
				GCC_WARN_UNDECLARED_SELECTOR = YES;
				GCC_WARN_UNINITIALIZED_AUTOS = YES_AGGRESSIVE;
				GCC_WARN_UNUSED_FUNCTION = YES;
				GCC_WARN_UNUSED_VARIABLE = YES;
				MTL_ENABLE_DEBUG_INFO = INCLUDE_SOURCE;
				MTL_FAST_MATH = YES;
				ONLY_ACTIVE_ARCH = YES;
				SDKROOT = iphoneos;
				SWIFT_ACTIVE_COMPILATION_CONDITIONS = DEBUG;
				SWIFT_OPTIMIZATION_LEVEL = "-Onone";
			};
			name = Debug;
		};
		7391F1F127BA7ACA00594E41 /* Release */ = {
			isa = XCBuildConfiguration;
			buildSettings = {
				ALWAYS_SEARCH_USER_PATHS = NO;
				CLANG_ANALYZER_NONNULL = YES;
				CLANG_ANALYZER_NUMBER_OBJECT_CONVERSION = YES_AGGRESSIVE;
				CLANG_CXX_LANGUAGE_STANDARD = "gnu++17";
				CLANG_CXX_LIBRARY = "libc++";
				CLANG_ENABLE_MODULES = YES;
				CLANG_ENABLE_OBJC_ARC = YES;
				CLANG_ENABLE_OBJC_WEAK = YES;
				CLANG_WARN_BLOCK_CAPTURE_AUTORELEASING = YES;
				CLANG_WARN_BOOL_CONVERSION = YES;
				CLANG_WARN_COMMA = YES;
				CLANG_WARN_CONSTANT_CONVERSION = YES;
				CLANG_WARN_DEPRECATED_OBJC_IMPLEMENTATIONS = YES;
				CLANG_WARN_DIRECT_OBJC_ISA_USAGE = YES_ERROR;
				CLANG_WARN_DOCUMENTATION_COMMENTS = YES;
				CLANG_WARN_EMPTY_BODY = YES;
				CLANG_WARN_ENUM_CONVERSION = YES;
				CLANG_WARN_INFINITE_RECURSION = YES;
				CLANG_WARN_INT_CONVERSION = YES;
				CLANG_WARN_NON_LITERAL_NULL_CONVERSION = YES;
				CLANG_WARN_OBJC_IMPLICIT_RETAIN_SELF = YES;
				CLANG_WARN_OBJC_LITERAL_CONVERSION = YES;
				CLANG_WARN_OBJC_ROOT_CLASS = YES_ERROR;
				CLANG_WARN_QUOTED_INCLUDE_IN_FRAMEWORK_HEADER = YES;
				CLANG_WARN_RANGE_LOOP_ANALYSIS = YES;
				CLANG_WARN_STRICT_PROTOTYPES = YES;
				CLANG_WARN_SUSPICIOUS_MOVE = YES;
				CLANG_WARN_UNGUARDED_AVAILABILITY = YES_AGGRESSIVE;
				CLANG_WARN_UNREACHABLE_CODE = YES;
				CLANG_WARN__DUPLICATE_METHOD_MATCH = YES;
				COPY_PHASE_STRIP = NO;
				DEBUG_INFORMATION_FORMAT = "dwarf-with-dsym";
				ENABLE_NS_ASSERTIONS = NO;
				ENABLE_STRICT_OBJC_MSGSEND = YES;
				GCC_C_LANGUAGE_STANDARD = gnu11;
				GCC_NO_COMMON_BLOCKS = YES;
				GCC_WARN_64_TO_32_BIT_CONVERSION = YES;
				GCC_WARN_ABOUT_RETURN_TYPE = YES_ERROR;
				GCC_WARN_UNDECLARED_SELECTOR = YES;
				GCC_WARN_UNINITIALIZED_AUTOS = YES_AGGRESSIVE;
				GCC_WARN_UNUSED_FUNCTION = YES;
				GCC_WARN_UNUSED_VARIABLE = YES;
				MTL_ENABLE_DEBUG_INFO = NO;
				MTL_FAST_MATH = YES;
				SDKROOT = iphoneos;
				SWIFT_COMPILATION_MODE = wholemodule;
				SWIFT_OPTIMIZATION_LEVEL = "-O";
				VALIDATE_PRODUCT = YES;
			};
			name = Release;
		};
		7391F1F327BA7ACA00594E41 /* Debug */ = {
			isa = XCBuildConfiguration;
			buildSettings = {
				ASSETCATALOG_COMPILER_COMPLICATION_NAME = Complication;
				CODE_SIGN_STYLE = Automatic;
				CURRENT_PROJECT_VERSION = 1;
				GENERATE_INFOPLIST_FILE = YES;
				INFOPLIST_FILE = "CookBook WatchKit Extension/Info.plist";
				INFOPLIST_KEY_CFBundleDisplayName = "CookBook WatchKit Extension";
				INFOPLIST_KEY_CLKComplicationPrincipalClass = "$(PRODUCT_MODULE_NAME).ComplicationController";
				INFOPLIST_KEY_NSHumanReadableCopyright = "";
				INFOPLIST_KEY_WKExtensionDelegateClassName = "$(PRODUCT_MODULE_NAME).ExtensionDelegate";
				INFOPLIST_KEY_WKWatchOnly = YES;
				LD_RUNPATH_SEARCH_PATHS = (
					"$(inherited)",
					"@executable_path/Frameworks",
					"@executable_path/../../Frameworks",
				);
				MARKETING_VERSION = 1.0;
				PRODUCT_BUNDLE_IDENTIFIER = xz.CookBook.watchkitapp.watchkitextension;
				PRODUCT_NAME = "${TARGET_NAME}";
				SDKROOT = watchos;
				SKIP_INSTALL = YES;
				SWIFT_EMIT_LOC_STRINGS = YES;
				SWIFT_VERSION = 5.0;
				TARGETED_DEVICE_FAMILY = 4;
				WATCHOS_DEPLOYMENT_TARGET = 8.3;
			};
			name = Debug;
		};
		7391F1F427BA7ACA00594E41 /* Release */ = {
			isa = XCBuildConfiguration;
			buildSettings = {
				ASSETCATALOG_COMPILER_COMPLICATION_NAME = Complication;
				CODE_SIGN_STYLE = Automatic;
				CURRENT_PROJECT_VERSION = 1;
				GENERATE_INFOPLIST_FILE = YES;
				INFOPLIST_FILE = "CookBook WatchKit Extension/Info.plist";
				INFOPLIST_KEY_CFBundleDisplayName = "CookBook WatchKit Extension";
				INFOPLIST_KEY_CLKComplicationPrincipalClass = "$(PRODUCT_MODULE_NAME).ComplicationController";
				INFOPLIST_KEY_NSHumanReadableCopyright = "";
				INFOPLIST_KEY_WKExtensionDelegateClassName = "$(PRODUCT_MODULE_NAME).ExtensionDelegate";
				INFOPLIST_KEY_WKWatchOnly = YES;
				LD_RUNPATH_SEARCH_PATHS = (
					"$(inherited)",
					"@executable_path/Frameworks",
					"@executable_path/../../Frameworks",
				);
				MARKETING_VERSION = 1.0;
				PRODUCT_BUNDLE_IDENTIFIER = xz.CookBook.watchkitapp.watchkitextension;
				PRODUCT_NAME = "${TARGET_NAME}";
				SDKROOT = watchos;
				SKIP_INSTALL = YES;
				SWIFT_EMIT_LOC_STRINGS = YES;
				SWIFT_VERSION = 5.0;
				TARGETED_DEVICE_FAMILY = 4;
				WATCHOS_DEPLOYMENT_TARGET = 8.3;
			};
			name = Release;
		};
		7391F1F727BA7ACA00594E41 /* Debug */ = {
			isa = XCBuildConfiguration;
			buildSettings = {
				ALWAYS_EMBED_SWIFT_STANDARD_LIBRARIES = YES;
				ASSETCATALOG_COMPILER_APPICON_NAME = AppIcon;
				ASSETCATALOG_COMPILER_GLOBAL_ACCENT_COLOR_NAME = AccentColor;
				CODE_SIGN_STYLE = Automatic;
				CURRENT_PROJECT_VERSION = 1;
				GENERATE_INFOPLIST_FILE = YES;
				IBSC_MODULE = CookBook_WatchKit_Extension;
				INFOPLIST_KEY_CFBundleDisplayName = "CookBook WatchKit App";
				INFOPLIST_KEY_UISupportedInterfaceOrientations = "UIInterfaceOrientationPortrait UIInterfaceOrientationPortraitUpsideDown";
				MARKETING_VERSION = 1.0;
				PRODUCT_BUNDLE_IDENTIFIER = xz.CookBook.watchkitapp;
				PRODUCT_NAME = "$(TARGET_NAME)";
				SDKROOT = watchos;
				SKIP_INSTALL = YES;
				SWIFT_EMIT_LOC_STRINGS = YES;
				SWIFT_VERSION = 5.0;
				TARGETED_DEVICE_FAMILY = 4;
				WATCHOS_DEPLOYMENT_TARGET = 8.3;
			};
			name = Debug;
		};
		7391F1F827BA7ACA00594E41 /* Release */ = {
			isa = XCBuildConfiguration;
			buildSettings = {
				ALWAYS_EMBED_SWIFT_STANDARD_LIBRARIES = YES;
				ASSETCATALOG_COMPILER_APPICON_NAME = AppIcon;
				ASSETCATALOG_COMPILER_GLOBAL_ACCENT_COLOR_NAME = AccentColor;
				CODE_SIGN_STYLE = Automatic;
				CURRENT_PROJECT_VERSION = 1;
				GENERATE_INFOPLIST_FILE = YES;
				IBSC_MODULE = CookBook_WatchKit_Extension;
				INFOPLIST_KEY_CFBundleDisplayName = "CookBook WatchKit App";
				INFOPLIST_KEY_UISupportedInterfaceOrientations = "UIInterfaceOrientationPortrait UIInterfaceOrientationPortraitUpsideDown";
				MARKETING_VERSION = 1.0;
				PRODUCT_BUNDLE_IDENTIFIER = xz.CookBook.watchkitapp;
				PRODUCT_NAME = "$(TARGET_NAME)";
				SDKROOT = watchos;
				SKIP_INSTALL = YES;
				SWIFT_EMIT_LOC_STRINGS = YES;
				SWIFT_VERSION = 5.0;
				TARGETED_DEVICE_FAMILY = 4;
				WATCHOS_DEPLOYMENT_TARGET = 8.3;
			};
			name = Release;
		};
		7391F1FB27BA7ACA00594E41 /* Debug */ = {
			isa = XCBuildConfiguration;
			buildSettings = {
				CODE_SIGN_STYLE = Automatic;
				CURRENT_PROJECT_VERSION = 1;
				MARKETING_VERSION = 1.0;
				PRODUCT_BUNDLE_IDENTIFIER = xz.CookBook;
				PRODUCT_NAME = "$(TARGET_NAME)";
				SWIFT_VERSION = 5.0;
			};
			name = Debug;
		};
		7391F1FC27BA7ACA00594E41 /* Release */ = {
			isa = XCBuildConfiguration;
			buildSettings = {
				CODE_SIGN_STYLE = Automatic;
				CURRENT_PROJECT_VERSION = 1;
				MARKETING_VERSION = 1.0;
				PRODUCT_BUNDLE_IDENTIFIER = xz.CookBook;
				PRODUCT_NAME = "$(TARGET_NAME)";
				SWIFT_VERSION = 5.0;
			};
			name = Release;
		};
/* End XCBuildConfiguration section */

/* Begin XCConfigurationList section */
		7391F1CA27BA7AC700594E41 /* Build configuration list for PBXProject "CookBook" */ = {
			isa = XCConfigurationList;
			buildConfigurations = (
				7391F1F027BA7ACA00594E41 /* Debug */,
				7391F1F127BA7ACA00594E41 /* Release */,
			);
			defaultConfigurationIsVisible = 0;
			defaultConfigurationName = Release;
		};
		7391F1F227BA7ACA00594E41 /* Build configuration list for PBXNativeTarget "CookBook WatchKit Extension" */ = {
			isa = XCConfigurationList;
			buildConfigurations = (
				7391F1F327BA7ACA00594E41 /* Debug */,
				7391F1F427BA7ACA00594E41 /* Release */,
			);
			defaultConfigurationIsVisible = 0;
			defaultConfigurationName = Release;
		};
		7391F1F627BA7ACA00594E41 /* Build configuration list for PBXNativeTarget "CookBook WatchKit App" */ = {
			isa = XCConfigurationList;
			buildConfigurations = (
				7391F1F727BA7ACA00594E41 /* Debug */,
				7391F1F827BA7ACA00594E41 /* Release */,
			);
			defaultConfigurationIsVisible = 0;
			defaultConfigurationName = Release;
		};
		7391F1FA27BA7ACA00594E41 /* Build configuration list for PBXNativeTarget "CookBook" */ = {
			isa = XCConfigurationList;
			buildConfigurations = (
				7391F1FB27BA7ACA00594E41 /* Debug */,
				7391F1FC27BA7ACA00594E41 /* Release */,
			);
			defaultConfigurationIsVisible = 0;
			defaultConfigurationName = Release;
		};
/* End XCConfigurationList section */
	};
	rootObject = 7391F1C727BA7AC700594E41 /* Project object */;
}
